
Microsoft Visual Studio Solution File, Format Version 12.00
# Visual Studio Version 17
VisualStudioVersion = 17.7.34003.232
MinimumVisualStudioVersion = 10.0.40219.1
Project("{FAE04EC0-301F-11D3-BF4B-00C04F79EFBC}") = "TA19-ej2", "TA19-ej2.csproj", "{FF846466-0E78-42E3-9084-5BCB67473AA1}"
EndProject
Global
	GlobalSection(SolutionConfigurationPlatforms) = preSolution
		Debug|Any CPU = Debug|Any CPU
		Release|Any CPU = Release|Any CPU
	EndGlobalSection
	GlobalSection(ProjectConfigurationPlatforms) = postSolution
		{FF846466-0E78-42E3-9084-5BCB67473AA1}.Debug|Any CPU.ActiveCfg = Debug|Any CPU
		{FF846466-0E78-42E3-9084-5BCB67473AA1}.Debug|Any CPU.Build.0 = Debug|Any CPU
		{FF846466-0E78-42E3-9084-5BCB67473AA1}.Release|Any CPU.ActiveCfg = Release|Any CPU
		{FF846466-0E78-42E3-9084-5BCB67473AA1}.Release|Any CPU.Build.0 = Release|Any CPU
	EndGlobalSection
	GlobalSection(SolutionProperties) = preSolution
		HideSolutionNode = FALSE
	EndGlobalSection
	GlobalSection(ExtensibilityGlobals) = postSolution
		SolutionGuid = {AD1C1265-AF25-4707-8B34-835D24DF436C}
	EndGlobalSection
EndGlobal
